{
  "name": "maps",
  "version": "1.0.0",
  "lockfileVersion": 1,
  "requires": true,
  "dependencies": {
    "@types/faker": {
      "version": "5.5.6",
      "resolved": "https://registry.npmjs.org/@types/faker/-/faker-5.5.6.tgz",
      "integrity": "sha512-UCRj0kLg4sXs2XFVm48OU/wIjyJZkpRkwxhRGVQb5l5GmemkeW22WTz9iiDhYPBUqTzDsIWzhFRuF/4DD5+q2Q==",
      "dev": true
    },
    "@types/googlemaps": {
      "version": "3.43.3",
      "resolved": "https://registry.npmjs.org/@types/googlemaps/-/googlemaps-3.43.3.tgz",
      "integrity": "sha512-ZWNoz/O8MPEpiajvj7QiqCY8tTLFNqNZ/a+s+zTV58wFVNAvvqV4bdGfnsjTb5Cs4V6wEsLrX8XRhmnyYJ2Tdg==",
      "dev": true
    }
  }
}
